github.com/aws/aws-sdk-go-v2 v1.36.3 h1:mJoei2CxPutQVxaATCzDUjcZEjVRdpsiiXi2o38yqWM=
github.com/aws/aws-sdk-go-v2 v1.36.3/go.mod h1:LLXuLpgzEbD766Z5ECcRmi8AzSwfZItDtmABVkRLGzg=
github.com/aws/aws-sdk-go-v2/config v1.29.1 h1:JZhGawAyZ/EuJeBtbQYnaoftczcb2drR2Iq36Wgz4sQ=
github.com/aws/aws-sdk-go-v2/config v1.29.1/go.mod h1:7bR2YD5euaxBhzt2y/oDkt3uNRb6tjFp98GlTFueRwk=
github.com/aws/aws-sdk-go-v2/credentials v1.17.54 h1:4UmqeOqJPvdvASZWrKlhzpRahAulBfyTJQUaYy4+hEI=
github.com/aws/aws-sdk-go-v2/credentials v1.17.54/go.mod h1:RTdfo0P0hbbTxIhmQrOsC/PquBZGabEPnCaxxKRPSnI=
github.com/aws/aws-sdk-go-v2/feature/ec2/imds v1.16.24 h1:5grmdTdMsovn9kPZPI23Hhvp0ZyNm5cRO+IZFIYiAfw=
github.com/aws/aws-sdk-go-v2/feature/ec2/imds v1.16.24/go.mod h1:zqi7TVKTswH3Ozq28PkmBmgzG1tona7mo9G2IJg4Cis=
github.com/aws/aws-sdk-go-v2/internal/configsources v1.3.34 h1:ZK5jHhnrioRkUNOc+hOgQKlUL5JeC3S6JgLxtQ+Rm0Q=
github.com/aws/aws-sdk-go-v2/internal/configsources v1.3.34/go.mod h1:p4VfIceZokChbA9FzMbRGz5OV+lekcVtHlPKEO0gSZY=
github.com/aws/aws-sdk-go-v2/internal/endpoints/v2 v2.6.34 h1:SZwFm17ZUNNg5Np0ioo/gq8Mn6u9w19Mri8DnJ15Jf0=
github.com/aws/aws-sdk-go-v2/internal/endpoints/v2 v2.6.34/go.mod h1:dFZsC0BLo346mvKQLWmoJxT+Sjp+qcVR1tRVHQGOH9Q=
github.com/aws/aws-sdk-go-v2/internal/ini v1.8.1 h1:VaRN3TlFdd6KxX1x3ILT5ynH6HvKgqdiXoTxAF4HQcQ=
github.com/aws/aws-sdk-go-v2/internal/ini v1.8.1/go.mod h1:FbtygfRFze9usAadmnGJNc8KsP346kEe+y2/oyhGAGc=
github.com/aws/aws-sdk-go-v2/service/cloudformation v1.58.0 h1:noBOPOGpmwqsLeMlRyhvTL++ndZEx97KyZcIH0m8VD8=
github.com/aws/aws-sdk-go-v2/service/cloudformation v1.58.0/go.mod h1:penaZKzGmqHGZId4EUCBIW/f9l4Y7hQ5NKd45yoCYuI=
github.com/aws/aws-sdk-go-v2/service/ec2 v1.203.0 h1:EDLBXOs5D0KUqDThg8ID63mK5E7lJ8pjHGBtix6O9j0=
github.com/aws/aws-sdk-go-v2/service/ec2 v1.203.0/go.mod h1:nSbxgPGhyI9j/cMVSHUEEtNQzEYeNOkbHnHNeTuQqt0=
github.com/aws/aws-sdk-go-v2/service/internal/accept-encoding v1.12.2 h1:D4oz8/CzT9bAEYtVhSBmFj2dNOtaHOtMKc2vHBwYizA=
github.com/aws/aws-sdk-go-v2/service/internal/accept-encoding v1.12.2/go.mod h1:Za3IHqTQ+yNcRHxu1OFucBh0ACZT4j4VQFF0BqpZcLY=
github.com/aws/aws-sdk-go-v2/service/internal/presigned-url v1.12.13 h1:SYVGSFQHlchIcy6e7x12bsrxClCXSP5et8cqVhL8cuw=
github.com/aws/aws-sdk-go-v2/service/internal/presigned-url v1.12.13/go.mod h1:kizuDaLX37bG5WZaoxGPQR/LNFXpxp0vsUnqfkWXfNE=
github.com/aws/aws-sdk-go-v2/service/sso v1.24.11 h1:kuIyu4fTT38Kj7YCC7ouNbVZSSpqkZ+LzIfhCr6Dg+I=
github.com/aws/aws-sdk-go-v2/service/sso v1.24.11/go.mod h1:Ro744S4fKiCCuZECXgOi760TiYylUM8ZBf6OGiZzJtY=
github.com/aws/aws-sdk-go-v2/service/ssooidc v1.28.10 h1:l+dgv/64iVlQ3WsBbnn+JSbkj01jIi+SM0wYsj3y/hY=
github.com/aws/aws-sdk-go-v2/service/ssooidc v1.28.10/go.mod h1:Fzsj6lZEb8AkTE5S68OhcbBqeWPsR8RnGuKPr8Todl8=
github.com/aws/aws-sdk-go-v2/service/sts v1.33.9 h1:BRVDbewN6VZcwr+FBOszDKvYeXY1kJ+GGMCcpghlw0U=
github.com/aws/aws-sdk-go-v2/service/sts v1.33.9/go.mod h1:f6vjfZER1M17Fokn0IzssOTMT2N8ZSq+7jnNF0tArvw=
github.com/aws/smithy-go v1.22.2 h1:6D9hW43xKFrRx/tXXfAlIZc4JI+yQe6snnWcQyxSyLQ=
github.com/aws/smithy-go v1.22.2/go.mod h1:irrKGvNn1InZwb2d7fkIRNucdfwR8R+Ts3wxYa/cJHg=
