# This file is automatically @generated by Cargo.
# It is not intended for manual editing.
version = 4

[[package]]
name = "api"
version = "0.1.0"
dependencies = [
 "once_cell",
]

[[package]]
name = "file-mode"
version = "0.1.2"
source = "registry+https://github.com/rust-lang/crates.io-index"
checksum = "773ea145485772b8d354624b32adbe20e776353d3e48c7b03ef44e3455e9815c"
dependencies = [
 "libc",
]

[[package]]
name = "libc"
version = "0.2.172"
source = "registry+https://github.com/rust-lang/crates.io-index"
checksum = "d750af042f7ef4f724306de029d18836c26c1765a54a6a3f094cbd23a7267ffa"

[[package]]
name = "once_cell"
version = "1.21.3"
source = "registry+https://github.com/rust-lang/crates.io-index"
checksum = "42f5e15c9953c5e4ccceeb2e7382a716482c34515315f7b03532b8b4e8393d2d"

[[package]]
name = "rust_wasm"
version = "0.1.0"
dependencies = [
 "api",
 "file-mode",
 "once_cell",
]
