# This file is automatically @generated by Cargo.
# It is not intended for manual editing.
version = 4

[[package]]
name = "api"
version = "0.1.0"

[[package]]
name = "escape_string"
version = "0.1.2"
source = "registry+https://github.com/rust-lang/crates.io-index"
checksum = "59e867569975c88fdf73833a30bd6e0978aa6ab6bd784b648fcece07450951ba"

[[package]]
name = "traceloop"
version = "0.1.0"
dependencies = [
 "api",
 "escape_string",
]
